{
  "name": "redux-promise-array",
  "version": "0.1.0",
  "lockfileVersion": 1,
  "requires": true,
  "dependencies": {
    "flux-standard-action": {
      "version": "2.1.1",
      "resolved": "https://registry.npm.taobao.org/flux-standard-action/download/flux-standard-action-2.1.1.tgz",
      "integrity": "sha1-suIEFF6o5ClNaw8XjY6MQWgClI8=",
      "requires": {
        "lodash": "^4.17.15"
      }
    },
    "is-promise": {
      "version": "4.0.0",
      "resolved": "https://registry.npm.taobao.org/is-promise/download/is-promise-4.0.0.tgz?cache=0&sync_timestamp=1588001830257&other_urls=https%3A%2F%2Fregistry.npm.taobao.org%2Fis-promise%2Fdownload%2Fis-promise-4.0.0.tgz",
      "integrity": "sha1-Qv+fhCBsGZHSbev1IN1cAQQt0vM="
    },
    "lodash": {
      "version": "4.17.20",
      "resolved": "https://registry.npm.taobao.org/lodash/download/lodash-4.17.20.tgz?cache=0&sync_timestamp=1597336196663&other_urls=https%3A%2F%2Fregistry.npm.taobao.org%2Flodash%2Fdownload%2Flodash-4.17.20.tgz",
      "integrity": "sha1-tEqbYpe8tpjxxRo1RaKzs2jVnFI="
    }
  }
}
